
Microsoft Visual Studio Solution File, Format Version 12.00
# Visual Studio Version 16
VisualStudioVersion = 25.0.1703.1
MinimumVisualStudioVersion = 10.0.40219.1
Project("{FAE04EC0-301F-11D3-BF4B-00C04F79EFBC}") = "LoopExcercise", "LoopExcercise\LoopExcercise.csproj", "{22E14712-0501-450E-B974-2D47FE39A763}"
EndProject
Global
	GlobalSection(SolutionConfigurationPlatforms) = preSolution
		Debug|Any CPU = Debug|Any CPU
		Release|Any CPU = Release|Any CPU
	EndGlobalSection
	GlobalSection(ProjectConfigurationPlatforms) = postSolution
		{22E14712-0501-450E-B974-2D47FE39A763}.Debug|Any CPU.ActiveCfg = Debug|Any CPU
		{22E14712-0501-450E-B974-2D47FE39A763}.Debug|Any CPU.Build.0 = Debug|Any CPU
		{22E14712-0501-450E-B974-2D47FE39A763}.Release|Any CPU.ActiveCfg = Release|Any CPU
		{22E14712-0501-450E-B974-2D47FE39A763}.Release|Any CPU.Build.0 = Release|Any CPU
	EndGlobalSection
	GlobalSection(SolutionProperties) = preSolution
		HideSolutionNode = FALSE
	EndGlobalSection
	GlobalSection(ExtensibilityGlobals) = postSolution
		SolutionGuid = {39A0A0F1-DF95-41A9-AA99-1AC6CFBF2DCB}
	EndGlobalSection
EndGlobal
